# This file is automatically @generated by Cargo.
# It is not intended for manual editing.
version = 4

[[package]]
name = "audio"
version = "0.1.0"

[[package]]
name = "core"
version = "0.1.0"

[[package]]
name = "debug"
version = "0.1.0"

[[package]]
name = "ecs"
version = "0.1.0"

[[package]]
name = "examples"
version = "0.1.0"

[[package]]
name = "input"
version = "0.1.0"

[[package]]
name = "math"
version = "0.1.0"

[[package]]
name = "physics"
version = "0.1.0"

[[package]]
name = "renderer"
version = "0.1.0"

[[package]]
name = "resources"
version = "0.1.0"

[[package]]
name = "scripting"
version = "0.1.0"
